
Microsoft Visual Studio Solution File, Format Version 12.00
# Visual Studio Version 17
VisualStudioVersion = 17.0.32126.317
MinimumVisualStudioVersion = 10.0.40219.1
Project("{FAE04EC0-301F-11D3-BF4B-00C04F79EFBC}") = "NineMenMorrisGame", "NineMenMorrisGame\NineMenMorrisGame.csproj", "{DA9C2FB6-3A8E-4B74-929B-3F419839C394}"
EndProject
Project("{FAE04EC0-301F-11D3-BF4B-00C04F79EFBC}") = "NineMenMorrisGUI", "NineMenMorrisGUI\NineMenMorrisGUI.csproj", "{7C1257A3-C6DA-4A1D-92E4-8AC015CD75E2}"
EndProject
Project("{FAE04EC0-301F-11D3-BF4B-00C04F79EFBC}") = "NineMenMorrisTest", "NineMenMorrisTest\NineMenMorrisTest.csproj", "{B00705ED-98E7-49D9-97B5-F24D67C23A2B}"
EndProject
Global
	GlobalSection(SolutionConfigurationPlatforms) = preSolution
		Debug|Any CPU = Debug|Any CPU
		Release|Any CPU = Release|Any CPU
	EndGlobalSection
	GlobalSection(ProjectConfigurationPlatforms) = postSolution
		{DA9C2FB6-3A8E-4B74-929B-3F419839C394}.Debug|Any CPU.ActiveCfg = Debug|Any CPU
		{DA9C2FB6-3A8E-4B74-929B-3F419839C394}.Debug|Any CPU.Build.0 = Debug|Any CPU
		{DA9C2FB6-3A8E-4B74-929B-3F419839C394}.Release|Any CPU.ActiveCfg = Release|Any CPU
		{DA9C2FB6-3A8E-4B74-929B-3F419839C394}.Release|Any CPU.Build.0 = Release|Any CPU
		{7C1257A3-C6DA-4A1D-92E4-8AC015CD75E2}.Debug|Any CPU.ActiveCfg = Debug|Any CPU
		{7C1257A3-C6DA-4A1D-92E4-8AC015CD75E2}.Debug|Any CPU.Build.0 = Debug|Any CPU
		{7C1257A3-C6DA-4A1D-92E4-8AC015CD75E2}.Release|Any CPU.ActiveCfg = Release|Any CPU
		{7C1257A3-C6DA-4A1D-92E4-8AC015CD75E2}.Release|Any CPU.Build.0 = Release|Any CPU
		{B00705ED-98E7-49D9-97B5-F24D67C23A2B}.Debug|Any CPU.ActiveCfg = Debug|Any CPU
		{B00705ED-98E7-49D9-97B5-F24D67C23A2B}.Debug|Any CPU.Build.0 = Debug|Any CPU
		{B00705ED-98E7-49D9-97B5-F24D67C23A2B}.Release|Any CPU.ActiveCfg = Release|Any CPU
		{B00705ED-98E7-49D9-97B5-F24D67C23A2B}.Release|Any CPU.Build.0 = Release|Any CPU
	EndGlobalSection
	GlobalSection(SolutionProperties) = preSolution
		HideSolutionNode = FALSE
	EndGlobalSection
	GlobalSection(ExtensibilityGlobals) = postSolution
		SolutionGuid = {47E983F7-A761-409E-9F7E-BE71A46394A3}
	EndGlobalSection
EndGlobal
